{
  "originHash" : "6232f50848cbacadbf95811f4f2fb424a3c752f25d685e456c838d7dcdc407c8",
  "pins" : [
    {
      "identity" : "porthole",
      "kind" : "remoteSourceControl",
      "location" : "https://github.com/sohandotgit/Porthole",
      "state" : {
        "branch" : "main",
        "revision" : "23f75bc34abb6cf7b3dd7e3d06a3b312ff8f4f5d"
      }
    }
  ],
  "version" : 3
}
